// !$*UTF8*$!
{
	archiveVersion = 1;
	classes = {
	};
	objectVersion = 56;
	objects = {

/* Begin PBXBuildFile section */
		5365F9F22AD2992500180648 /* CoordinatorUIApp.swift in Sources */ = {isa = PBXBuildFile; fileRef = 5365F9F12AD2992500180648 /* CoordinatorUIApp.swift */; };
		5365F9F62AD2992600180648 /* Assets.xcassets in Resources */ = {isa = PBXBuildFile; fileRef = 5365F9F52AD2992600180648 /* Assets.xcassets */; };
		5365F9F92AD2992600180648 /* Preview Assets.xcassets in Resources */ = {isa = PBXBuildFile; fileRef = 5365F9F82AD2992600180648 /* Preview Assets.xcassets */; };
		5365FA032AD2992600180648 /* CoordinatorUITests.swift in Sources */ = {isa = PBXBuildFile; fileRef = 5365FA022AD2992600180648 /* CoordinatorUITests.swift */; };
		5365FA0D2AD2992600180648 /* CoordinatorUIUITests.swift in Sources */ = {isa = PBXBuildFile; fileRef = 5365FA0C2AD2992600180648 /* CoordinatorUIUITests.swift */; };
		5365FA0F2AD2992600180648 /* CoordinatorUIUITestsLaunchTests.swift in Sources */ = {isa = PBXBuildFile; fileRef = 5365FA0E2AD2992600180648 /* CoordinatorUIUITestsLaunchTests.swift */; };
		5365FA1C2AD2995900180648 /* CoordinatorView.swift in Sources */ = {isa = PBXBuildFile; fileRef = 5365FA1B2AD2995900180648 /* CoordinatorView.swift */; };
		5365FA1E2AD29A6800180648 /* Views.swift in Sources */ = {isa = PBXBuildFile; fileRef = 5365FA1D2AD29A6800180648 /* Views.swift */; };
		5365FA202AD29B4600180648 /* Coordinator.swift in Sources */ = {isa = PBXBuildFile; fileRef = 5365FA1F2AD29B4600180648 /* Coordinator.swift */; };
/* End PBXBuildFile section */

/* Begin PBXContainerItemProxy section */
		5365F9FF2AD2992600180648 /* PBXContainerItemProxy */ = {
			isa = PBXContainerItemProxy;
			containerPortal = 5365F9E62AD2992500180648 /* Project object */;
			proxyType = 1;
			remoteGlobalIDString = 5365F9ED2AD2992500180648;
			remoteInfo = CoordinatorUI;
		};
		5365FA092AD2992600180648 /* PBXContainerItemProxy */ = {
			isa = PBXContainerItemProxy;
			containerPortal = 5365F9E62AD2992500180648 /* Project object */;
			proxyType = 1;
			remoteGlobalIDString = 5365F9ED2AD2992500180648;
			remoteInfo = CoordinatorUI;
		};
/* End PBXContainerItemProxy section */

/* Begin PBXFileReference section */
		5365F9EE2AD2992500180648 /* CoordinatorUI.app */ = {isa = PBXFileReference; explicitFileType = wrapper.application; includeInIndex = 0; path = CoordinatorUI.app; sourceTree = BUILT_PRODUCTS_DIR; };
		5365F9F12AD2992500180648 /* CoordinatorUIApp.swift */ = {isa = PBXFileReference; lastKnownFileType = sourcecode.swift; path = CoordinatorUIApp.swift; sourceTree = "<group>"; };
		5365F9F52AD2992600180648 /* Assets.xcassets */ = {isa = PBXFileReference; lastKnownFileType = folder.assetcatalog; path = Assets.xcassets; sourceTree = "<group>"; };
		5365F9F82AD2992600180648 /* Preview Assets.xcassets */ = {isa = PBXFileReference; lastKnownFileType = folder.assetcatalog; path = "Preview Assets.xcassets"; sourceTree = "<group>"; };
		5365F9FE2AD2992600180648 /* CoordinatorUITests.xctest */ = {isa = PBXFileReference; explicitFileType = wrapper.cfbundle; includeInIndex = 0; path = CoordinatorUITests.xctest; sourceTree = BUILT_PRODUCTS_DIR; };
		5365FA022AD2992600180648 /* CoordinatorUITests.swift */ = {isa = PBXFileReference; lastKnownFileType = sourcecode.swift; path = CoordinatorUITests.swift; sourceTree = "<group>"; };
		5365FA082AD2992600180648 /* CoordinatorUIUITests.xctest */ = {isa = PBXFileReference; explicitFileType = wrapper.cfbundle; includeInIndex = 0; path = CoordinatorUIUITests.xctest; sourceTree = BUILT_PRODUCTS_DIR; };
		5365FA0C2AD2992600180648 /* CoordinatorUIUITests.swift */ = {isa = PBXFileReference; lastKnownFileType = sourcecode.swift; path = CoordinatorUIUITests.swift; sourceTree = "<group>"; };
		5365FA0E2AD2992600180648 /* CoordinatorUIUITestsLaunchTests.swift */ = {isa = PBXFileReference; lastKnownFileType = sourcecode.swift; path = CoordinatorUIUITestsLaunchTests.swift; sourceTree = "<group>"; };
		5365FA1B2AD2995900180648 /* CoordinatorView.swift */ = {isa = PBXFileReference; lastKnownFileType = sourcecode.swift; path = CoordinatorView.swift; sourceTree = "<group>"; };
		5365FA1D2AD29A6800180648 /* Views.swift */ = {isa = PBXFileReference; lastKnownFileType = sourcecode.swift; path = Views.swift; sourceTree = "<group>"; };
		5365FA1F2AD29B4600180648 /* Coordinator.swift */ = {isa = PBXFileReference; lastKnownFileType = sourcecode.swift; path = Coordinator.swift; sourceTree = "<group>"; };
/* End PBXFileReference section */

/* Begin PBXFrameworksBuildPhase section */
		5365F9EB2AD2992500180648 /* Frameworks */ = {
			isa = PBXFrameworksBuildPhase;
			buildActionMask = 2147483647;
			files = (
			);
			runOnlyForDeploymentPostprocessing = 0;
		};
		5365F9FB2AD2992600180648 /* Frameworks */ = {
			isa = PBXFrameworksBuildPhase;
			buildActionMask = 2147483647;
			files = (
			);
			runOnlyForDeploymentPostprocessing = 0;
		};
		5365FA052AD2992600180648 /* Frameworks */ = {
			isa = PBXFrameworksBuildPhase;
			buildActionMask = 2147483647;
			files = (
			);
			runOnlyForDeploymentPostprocessing = 0;
		};
/* End PBXFrameworksBuildPhase section */

/* Begin PBXGroup section */
		5365F9E52AD2992500180648 = {
			isa = PBXGroup;
			children = (
				5365F9F02AD2992500180648 /* CoordinatorUI */,
				5365FA012AD2992600180648 /* CoordinatorUITests */,
				5365FA0B2AD2992600180648 /* CoordinatorUIUITests */,
				5365F9EF2AD2992500180648 /* Products */,
			);
			sourceTree = "<group>";
		};
		5365F9EF2AD2992500180648 /* Products */ = {
			isa = PBXGroup;
			children = (
				5365F9EE2AD2992500180648 /* CoordinatorUI.app */,
				5365F9FE2AD2992600180648 /* CoordinatorUITests.xctest */,
				5365FA082AD2992600180648 /* CoordinatorUIUITests.xctest */,
			);
			name = Products;
			sourceTree = "<group>";
		};
		5365F9F02AD2992500180648 /* CoordinatorUI */ = {
			isa = PBXGroup;
			children = (
				5365F9F12AD2992500180648 /* CoordinatorUIApp.swift */,
				5365FA1F2AD29B4600180648 /* Coordinator.swift */,
				5365FA1B2AD2995900180648 /* CoordinatorView.swift */,
				5365FA1D2AD29A6800180648 /* Views.swift */,
				5365F9F52AD2992600180648 /* Assets.xcassets */,
				5365F9F72AD2992600180648 /* Preview Content */,
			);
			path = CoordinatorUI;
			sourceTree = "<group>";
		};
		5365F9F72AD2992600180648 /* Preview Content */ = {
			isa = PBXGroup;
			children = (
				5365F9F82AD2992600180648 /* Preview Assets.xcassets */,
			);
			path = "Preview Content";
			sourceTree = "<group>";
		};
		5365FA012AD2992600180648 /* CoordinatorUITests */ = {
			isa = PBXGroup;
			children = (
				5365FA022AD2992600180648 /* CoordinatorUITests.swift */,
			);
			path = CoordinatorUITests;
			sourceTree = "<group>";
		};
		5365FA0B2AD2992600180648 /* CoordinatorUIUITests */ = {
			isa = PBXGroup;
			children = (
				5365FA0C2AD2992600180648 /* CoordinatorUIUITests.swift */,
				5365FA0E2AD2992600180648 /* CoordinatorUIUITestsLaunchTests.swift */,
			);
			path = CoordinatorUIUITests;
			sourceTree = "<group>";
		};
/* End PBXGroup section */

/* Begin PBXNativeTarget section */
		5365F9ED2AD2992500180648 /* CoordinatorUI */ = {
			isa = PBXNativeTarget;
			buildConfigurationList = 5365FA122AD2992600180648 /* Build configuration list for PBXNativeTarget "CoordinatorUI" */;
			buildPhases = (
				5365F9EA2AD2992500180648 /* Sources */,
				5365F9EB2AD2992500180648 /* Frameworks */,
				5365F9EC2AD2992500180648 /* Resources */,
			);
			buildRules = (
			);
			dependencies = (
			);
			name = CoordinatorUI;
			productName = CoordinatorUI;
			productReference = 5365F9EE2AD2992500180648 /* CoordinatorUI.app */;
			productType = "com.apple.product-type.application";
		};
		5365F9FD2AD2992600180648 /* CoordinatorUITests */ = {
			isa = PBXNativeTarget;
			buildConfigurationList = 5365FA152AD2992600180648 /* Build configuration list for PBXNativeTarget "CoordinatorUITests" */;
			buildPhases = (
				5365F9FA2AD2992600180648 /* Sources */,
				5365F9FB2AD2992600180648 /* Frameworks */,
				5365F9FC2AD2992600180648 /* Resources */,
			);
			buildRules = (
			);
			dependencies = (
				5365FA002AD2992600180648 /* PBXTargetDependency */,
			);
			name = CoordinatorUITests;
			productName = CoordinatorUITests;
			productReference = 5365F9FE2AD2992600180648 /* CoordinatorUITests.xctest */;
			productType = "com.apple.product-type.bundle.unit-test";
		};
		5365FA072AD2992600180648 /* CoordinatorUIUITests */ = {
			isa = PBXNativeTarget;
			buildConfigurationList = 5365FA182AD2992600180648 /* Build configuration list for PBXNativeTarget "CoordinatorUIUITests" */;
			buildPhases = (
				5365FA042AD2992600180648 /* Sources */,
				5365FA052AD2992600180648 /* Frameworks */,
				5365FA062AD2992600180648 /* Resources */,
			);
			buildRules = (
			);
			dependencies = (
				5365FA0A2AD2992600180648 /* PBXTargetDependency */,
			);
			name = CoordinatorUIUITests;
			productName = CoordinatorUIUITests;
			productReference = 5365FA082AD2992600180648 /* CoordinatorUIUITests.xctest */;
			productType = "com.apple.product-type.bundle.ui-testing";
		};
/* End PBXNativeTarget section */

/* Begin PBXProject section */
		5365F9E62AD2992500180648 /* Project object */ = {
			isa = PBXProject;
			attributes = {
				BuildIndependentTargetsInParallel = 1;
				LastSwiftUpdateCheck = 1510;
				LastUpgradeCheck = 1510;
				TargetAttributes = {
					5365F9ED2AD2992500180648 = {
						CreatedOnToolsVersion = 15.1;
					};
					5365F9FD2AD2992600180648 = {
						CreatedOnToolsVersion = 15.1;
						TestTargetID = 5365F9ED2AD2992500180648;
					};
					5365FA072AD2992600180648 = {
						CreatedOnToolsVersion = 15.1;
						TestTargetID = 5365F9ED2AD2992500180648;
					};
				};
			};
			buildConfigurationList = 5365F9E92AD2992500180648 /* Build configuration list for PBXProject "CoordinatorUI" */;
			compatibilityVersion = "Xcode 14.0";
			developmentRegion = en;
			hasScannedForEncodings = 0;
			knownRegions = (
				en,
				Base,
			);
			mainGroup = 5365F9E52AD2992500180648;
			productRefGroup = 5365F9EF2AD2992500180648 /* Products */;
			projectDirPath = "";
			projectRoot = "";
			targets = (
				5365F9ED2AD2992500180648 /* CoordinatorUI */,
				5365F9FD2AD2992600180648 /* CoordinatorUITests */,
				5365FA072AD2992600180648 /* CoordinatorUIUITests */,
			);
		};
/* End PBXProject section */

/* Begin PBXResourcesBuildPhase section */
		5365F9EC2AD2992500180648 /* Resources */ = {
			isa = PBXResourcesBuildPhase;
			buildActionMask = 2147483647;
			files = (
				5365F9F92AD2992600180648 /* Preview Assets.xcassets in Resources */,
				5365F9F62AD2992600180648 /* Assets.xcassets in Resources */,
			);
			runOnlyForDeploymentPostprocessing = 0;
		};
		5365F9FC2AD2992600180648 /* Resources */ = {
			isa = PBXResourcesBuildPhase;
			buildActionMask = 2147483647;
			files = (
			);
			runOnlyForDeploymentPostprocessing = 0;
		};
		5365FA062AD2992600180648 /* Resources */ = {
			isa = PBXResourcesBuildPhase;
			buildActionMask = 2147483647;
			files = (
			);
			runOnlyForDeploymentPostprocessing = 0;
		};
/* End PBXResourcesBuildPhase section */

/* Begin PBXSourcesBuildPhase section */
		5365F9EA2AD2992500180648 /* Sources */ = {
			isa = PBXSourcesBuildPhase;
			buildActionMask = 2147483647;
			files = (
				5365FA1E2AD29A6800180648 /* Views.swift in Sources */,
				5365FA202AD29B4600180648 /* Coordinator.swift in Sources */,
				5365FA1C2AD2995900180648 /* CoordinatorView.swift in Sources */,
				5365F9F22AD2992500180648 /* CoordinatorUIApp.swift in Sources */,
			);
			runOnlyForDeploymentPostprocessing = 0;
		};
		5365F9FA2AD2992600180648 /* Sources */ = {
			isa = PBXSourcesBuildPhase;
			buildActionMask = 2147483647;
			files = (
				5365FA032AD2992600180648 /* CoordinatorUITests.swift in Sources */,
			);
			runOnlyForDeploymentPostprocessing = 0;
		};
		5365FA042AD2992600180648 /* Sources */ = {
			isa = PBXSourcesBuildPhase;
			buildActionMask = 2147483647;
			files = (
				5365FA0D2AD2992600180648 /* CoordinatorUIUITests.swift in Sources */,
				5365FA0F2AD2992600180648 /* CoordinatorUIUITestsLaunchTests.swift in Sources */,
			);
			runOnlyForDeploymentPostprocessing = 0;
		};
/* End PBXSourcesBuildPhase section */

/* Begin PBXTargetDependency section */
		5365FA002AD2992600180648 /* PBXTargetDependency */ = {
			isa = PBXTargetDependency;
			target = 5365F9ED2AD2992500180648 /* CoordinatorUI */;
			targetProxy = 5365F9FF2AD2992600180648 /* PBXContainerItemProxy */;
		};
		5365FA0A2AD2992600180648 /* PBXTargetDependency */ = {
			isa = PBXTargetDependency;
			target = 5365F9ED2AD2992500180648 /* CoordinatorUI */;
			targetProxy = 5365FA092AD2992600180648 /* PBXContainerItemProxy */;
		};
/* End PBXTargetDependency section */

/* Begin XCBuildConfiguration section */
		5365FA102AD2992600180648 /* Debug */ = {
			isa = XCBuildConfiguration;
			buildSettings = {
				ALWAYS_SEARCH_USER_PATHS = NO;
				ASSETCATALOG_COMPILER_GENERATE_SWIFT_ASSET_SYMBOL_EXTENSIONS = YES;
				CLANG_ANALYZER_NONNULL = YES;
				CLANG_ANALYZER_NUMBER_OBJECT_CONVERSION = YES_AGGRESSIVE;
				CLANG_CXX_LANGUAGE_STANDARD = "gnu++20";
				CLANG_ENABLE_MODULES = YES;
				CLANG_ENABLE_OBJC_ARC = YES;
				CLANG_ENABLE_OBJC_WEAK = YES;
				CLANG_WARN_BLOCK_CAPTURE_AUTORELEASING = YES;
				CLANG_WARN_BOOL_CONVERSION = YES;
				CLANG_WARN_COMMA = YES;
				CLANG_WARN_CONSTANT_CONVERSION = YES;
				CLANG_WARN_DEPRECATED_OBJC_IMPLEMENTATIONS = YES;
				CLANG_WARN_DIRECT_OBJC_ISA_USAGE = YES_ERROR;
				CLANG_WARN_DOCUMENTATION_COMMENTS = YES;
				CLANG_WARN_EMPTY_BODY = YES;
				CLANG_WARN_ENUM_CONVERSION = YES;
				CLANG_WARN_INFINITE_RECURSION = YES;
				CLANG_WARN_INT_CONVERSION = YES;
				CLANG_WARN_NON_LITERAL_NULL_CONVERSION = YES;
				CLANG_WARN_OBJC_IMPLICIT_RETAIN_SELF = YES;
				CLANG_WARN_OBJC_LITERAL_CONVERSION = YES;
				CLANG_WARN_OBJC_ROOT_CLASS = YES_ERROR;
				CLANG_WARN_QUOTED_INCLUDE_IN_FRAMEWORK_HEADER = YES;
				CLANG_WARN_RANGE_LOOP_ANALYSIS = YES;
				CLANG_WARN_STRICT_PROTOTYPES = YES;
				CLANG_WARN_SUSPICIOUS_MOVE = YES;
				CLANG_WARN_UNGUARDED_AVAILABILITY = YES_AGGRESSIVE;
				CLANG_WARN_UNREACHABLE_CODE = YES;
				CLANG_WARN__DUPLICATE_METHOD_MATCH = YES;
				COPY_PHASE_STRIP = NO;
				DEBUG_INFORMATION_FORMAT = dwarf;
				ENABLE_STRICT_OBJC_MSGSEND = YES;
				ENABLE_TESTABILITY = YES;
				ENABLE_USER_SCRIPT_SANDBOXING = YES;
				GCC_C_LANGUAGE_STANDARD = gnu17;
				GCC_DYNAMIC_NO_PIC = NO;
				GCC_NO_COMMON_BLOCKS = YES;
				GCC_OPTIMIZATION_LEVEL = 0;
				GCC_PREPROCESSOR_DEFINITIONS = (
					"DEBUG=1",
					"$(inherited)",
				);
				GCC_WARN_64_TO_32_BIT_CONVERSION = YES;
				GCC_WARN_ABOUT_RETURN_TYPE = YES_ERROR;
				GCC_WARN_UNDECLARED_SELECTOR = YES;
				GCC_WARN_UNINITIALIZED_AUTOS = YES_AGGRESSIVE;
				GCC_WARN_UNUSED_FUNCTION = YES;
				GCC_WARN_UNUSED_VARIABLE = YES;
				IPHONEOS_DEPLOYMENT_TARGET = 17.0;
				LOCALIZATION_PREFERS_STRING_CATALOGS = YES;
				MTL_ENABLE_DEBUG_INFO = INCLUDE_SOURCE;
				MTL_FAST_MATH = YES;
				ONLY_ACTIVE_ARCH = YES;
				SDKROOT = iphoneos;
				SWIFT_ACTIVE_COMPILATION_CONDITIONS = "DEBUG $(inherited)";
				SWIFT_OPTIMIZATION_LEVEL = "-Onone";
			};
			name = Debug;
		};
		5365FA112AD2992600180648 /* Release */ = {
			isa = XCBuildConfiguration;
			buildSettings = {
				ALWAYS_SEARCH_USER_PATHS = NO;
				ASSETCATALOG_COMPILER_GENERATE_SWIFT_ASSET_SYMBOL_EXTENSIONS = YES;
				CLANG_ANALYZER_NONNULL = YES;
				CLANG_ANALYZER_NUMBER_OBJECT_CONVERSION = YES_AGGRESSIVE;
				CLANG_CXX_LANGUAGE_STANDARD = "gnu++20";
				CLANG_ENABLE_MODULES = YES;
				CLANG_ENABLE_OBJC_ARC = YES;
				CLANG_ENABLE_OBJC_WEAK = YES;
				CLANG_WARN_BLOCK_CAPTURE_AUTORELEASING = YES;
				CLANG_WARN_BOOL_CONVERSION = YES;
				CLANG_WARN_COMMA = YES;
				CLANG_WARN_CONSTANT_CONVERSION = YES;
				CLANG_WARN_DEPRECATED_OBJC_IMPLEMENTATIONS = YES;
				CLANG_WARN_DIRECT_OBJC_ISA_USAGE = YES_ERROR;
				CLANG_WARN_DOCUMENTATION_COMMENTS = YES;
				CLANG_WARN_EMPTY_BODY = YES;
				CLANG_WARN_ENUM_CONVERSION = YES;
				CLANG_WARN_INFINITE_RECURSION = YES;
				CLANG_WARN_INT_CONVERSION = YES;
				CLANG_WARN_NON_LITERAL_NULL_CONVERSION = YES;
				CLANG_WARN_OBJC_IMPLICIT_RETAIN_SELF = YES;
				CLANG_WARN_OBJC_LITERAL_CONVERSION = YES;
				CLANG_WARN_OBJC_ROOT_CLASS = YES_ERROR;
				CLANG_WARN_QUOTED_INCLUDE_IN_FRAMEWORK_HEADER = YES;
				CLANG_WARN_RANGE_LOOP_ANALYSIS = YES;
				CLANG_WARN_STRICT_PROTOTYPES = YES;
				CLANG_WARN_SUSPICIOUS_MOVE = YES;
				CLANG_WARN_UNGUARDED_AVAILABILITY = YES_AGGRESSIVE;
				CLANG_WARN_UNREACHABLE_CODE = YES;
				CLANG_WARN__DUPLICATE_METHOD_MATCH = YES;
				COPY_PHASE_STRIP = NO;
				DEBUG_INFORMATION_FORMAT = "dwarf-with-dsym";
				ENABLE_NS_ASSERTIONS = NO;
				ENABLE_STRICT_OBJC_MSGSEND = YES;
				ENABLE_USER_SCRIPT_SANDBOXING = YES;
				GCC_C_LANGUAGE_STANDARD = gnu17;
				GCC_NO_COMMON_BLOCKS = YES;
				GCC_WARN_64_TO_32_BIT_CONVERSION = YES;
				GCC_WARN_ABOUT_RETURN_TYPE = YES_ERROR;
				GCC_WARN_UNDECLARED_SELECTOR = YES;
				GCC_WARN_UNINITIALIZED_AUTOS = YES_AGGRESSIVE;
				GCC_WARN_UNUSED_FUNCTION = YES;
				GCC_WARN_UNUSED_VARIABLE = YES;
				IPHONEOS_DEPLOYMENT_TARGET = 17.0;
				LOCALIZATION_PREFERS_STRING_CATALOGS = YES;
				MTL_ENABLE_DEBUG_INFO = NO;
				MTL_FAST_MATH = YES;
				SDKROOT = iphoneos;
				SWIFT_COMPILATION_MODE = wholemodule;
				VALIDATE_PRODUCT = YES;
			};
			name = Release;
		};
		5365FA132AD2992600180648 /* Debug */ = {
			isa = XCBuildConfiguration;
			buildSettings = {
				ASSETCATALOG_COMPILER_APPICON_NAME = AppIcon;
				ASSETCATALOG_COMPILER_GLOBAL_ACCENT_COLOR_NAME = AccentColor;
				CODE_SIGN_STYLE = Automatic;
				CURRENT_PROJECT_VERSION = 1;
				DEVELOPMENT_ASSET_PATHS = "\"CoordinatorUI/Preview Content\"";
				DEVELOPMENT_TEAM = Q4783BNZ95;
				ENABLE_PREVIEWS = YES;
				GENERATE_INFOPLIST_FILE = YES;
				INFOPLIST_KEY_UIApplicationSceneManifest_Generation = YES;
				INFOPLIST_KEY_UIApplicationSupportsIndirectInputEvents = YES;
				INFOPLIST_KEY_UILaunchScreen_Generation = YES;
				INFOPLIST_KEY_UISupportedInterfaceOrientations_iPad = "UIInterfaceOrientationPortrait UIInterfaceOrientationPortraitUpsideDown UIInterfaceOrientationLandscapeLeft UIInterfaceOrientationLandscapeRight";
				INFOPLIST_KEY_UISupportedInterfaceOrientations_iPhone = "UIInterfaceOrientationPortrait UIInterfaceOrientationLandscapeLeft UIInterfaceOrientationLandscapeRight";
				LD_RUNPATH_SEARCH_PATHS = (
					"$(inherited)",
					"@executable_path/Frameworks",
				);
				MARKETING_VERSION = 1.0;
				PRODUCT_BUNDLE_IDENTIFIER = com.keith27staines.CoordinatorUI;
				PRODUCT_NAME = "$(TARGET_NAME)";
				SWIFT_EMIT_LOC_STRINGS = YES;
				SWIFT_VERSION = 5.0;
				TARGETED_DEVICE_FAMILY = "1,2";
			};
			name = Debug;
		};
		5365FA142AD2992600180648 /* Release */ = {
			isa = XCBuildConfiguration;
			buildSettings = {
				ASSETCATALOG_COMPILER_APPICON_NAME = AppIcon;
				ASSETCATALOG_COMPILER_GLOBAL_ACCENT_COLOR_NAME = AccentColor;
				CODE_SIGN_STYLE = Automatic;
				CURRENT_PROJECT_VERSION = 1;
				DEVELOPMENT_ASSET_PATHS = "\"CoordinatorUI/Preview Content\"";
				DEVELOPMENT_TEAM = Q4783BNZ95;
				ENABLE_PREVIEWS = YES;
				GENERATE_INFOPLIST_FILE = YES;
				INFOPLIST_KEY_UIApplicationSceneManifest_Generation = YES;
				INFOPLIST_KEY_UIApplicationSupportsIndirectInputEvents = YES;
				INFOPLIST_KEY_UILaunchScreen_Generation = YES;
				INFOPLIST_KEY_UISupportedInterfaceOrientations_iPad = "UIInterfaceOrientationPortrait UIInterfaceOrientationPortraitUpsideDown UIInterfaceOrientationLandscapeLeft UIInterfaceOrientationLandscapeRight";
				INFOPLIST_KEY_UISupportedInterfaceOrientations_iPhone = "UIInterfaceOrientationPortrait UIInterfaceOrientationLandscapeLeft UIInterfaceOrientationLandscapeRight";
				LD_RUNPATH_SEARCH_PATHS = (
					"$(inherited)",
					"@executable_path/Frameworks",
				);
				MARKETING_VERSION = 1.0;
				PRODUCT_BUNDLE_IDENTIFIER = com.keith27staines.CoordinatorUI;
				PRODUCT_NAME = "$(TARGET_NAME)";
				SWIFT_EMIT_LOC_STRINGS = YES;
				SWIFT_VERSION = 5.0;
				TARGETED_DEVICE_FAMILY = "1,2";
			};
			name = Release;
		};
		5365FA162AD2992600180648 /* Debug */ = {
			isa = XCBuildConfiguration;
			buildSettings = {
				ALWAYS_EMBED_SWIFT_STANDARD_LIBRARIES = YES;
				BUNDLE_LOADER = "$(TEST_HOST)";
				CODE_SIGN_STYLE = Automatic;
				CURRENT_PROJECT_VERSION = 1;
				DEVELOPMENT_TEAM = Q4783BNZ95;
				GENERATE_INFOPLIST_FILE = YES;
				IPHONEOS_DEPLOYMENT_TARGET = 17.0;
				MARKETING_VERSION = 1.0;
				PRODUCT_BUNDLE_IDENTIFIER = com.keith27staines.CoordinatorUITests;
				PRODUCT_NAME = "$(TARGET_NAME)";
				SWIFT_EMIT_LOC_STRINGS = NO;
				SWIFT_VERSION = 5.0;
				TARGETED_DEVICE_FAMILY = "1,2";
				TEST_HOST = "$(BUILT_PRODUCTS_DIR)/CoordinatorUI.app/$(BUNDLE_EXECUTABLE_FOLDER_PATH)/CoordinatorUI";
			};
			name = Debug;
		};
		5365FA172AD2992600180648 /* Release */ = {
			isa = XCBuildConfiguration;
			buildSettings = {
				ALWAYS_EMBED_SWIFT_STANDARD_LIBRARIES = YES;
				BUNDLE_LOADER = "$(TEST_HOST)";
				CODE_SIGN_STYLE = Automatic;
				CURRENT_PROJECT_VERSION = 1;
				DEVELOPMENT_TEAM = Q4783BNZ95;
				GENERATE_INFOPLIST_FILE = YES;
				IPHONEOS_DEPLOYMENT_TARGET = 17.0;
				MARKETING_VERSION = 1.0;
				PRODUCT_BUNDLE_IDENTIFIER = com.keith27staines.CoordinatorUITests;
				PRODUCT_NAME = "$(TARGET_NAME)";
				SWIFT_EMIT_LOC_STRINGS = NO;
				SWIFT_VERSION = 5.0;
				TARGETED_DEVICE_FAMILY = "1,2";
				TEST_HOST = "$(BUILT_PRODUCTS_DIR)/CoordinatorUI.app/$(BUNDLE_EXECUTABLE_FOLDER_PATH)/CoordinatorUI";
			};
			name = Release;
		};
		5365FA192AD2992600180648 /* Debug */ = {
			isa = XCBuildConfiguration;
			buildSettings = {
				ALWAYS_EMBED_SWIFT_STANDARD_LIBRARIES = YES;
				CODE_SIGN_STYLE = Automatic;
				CURRENT_PROJECT_VERSION = 1;
				DEVELOPMENT_TEAM = Q4783BNZ95;
				GENERATE_INFOPLIST_FILE = YES;
				MARKETING_VERSION = 1.0;
				PRODUCT_BUNDLE_IDENTIFIER = com.keith27staines.CoordinatorUIUITests;
				PRODUCT_NAME = "$(TARGET_NAME)";
				SWIFT_EMIT_LOC_STRINGS = NO;
				SWIFT_VERSION = 5.0;
				TARGETED_DEVICE_FAMILY = "1,2";
				TEST_TARGET_NAME = CoordinatorUI;
			};
			name = Debug;
		};
		5365FA1A2AD2992600180648 /* Release */ = {
			isa = XCBuildConfiguration;
			buildSettings = {
				ALWAYS_EMBED_SWIFT_STANDARD_LIBRARIES = YES;
				CODE_SIGN_STYLE = Automatic;
				CURRENT_PROJECT_VERSION = 1;
				DEVELOPMENT_TEAM = Q4783BNZ95;
				GENERATE_INFOPLIST_FILE = YES;
				MARKETING_VERSION = 1.0;
				PRODUCT_BUNDLE_IDENTIFIER = com.keith27staines.CoordinatorUIUITests;
				PRODUCT_NAME = "$(TARGET_NAME)";
				SWIFT_EMIT_LOC_STRINGS = NO;
				SWIFT_VERSION = 5.0;
				TARGETED_DEVICE_FAMILY = "1,2";
				TEST_TARGET_NAME = CoordinatorUI;
			};
			name = Release;
		};
/* End XCBuildConfiguration section */

/* Begin XCConfigurationList section */
		5365F9E92AD2992500180648 /* Build configuration list for PBXProject "CoordinatorUI" */ = {
			isa = XCConfigurationList;
			buildConfigurations = (
				5365FA102AD2992600180648 /* Debug */,
				5365FA112AD2992600180648 /* Release */,
			);
			defaultConfigurationIsVisible = 0;
			defaultConfigurationName = Release;
		};
		5365FA122AD2992600180648 /* Build configuration list for PBXNativeTarget "CoordinatorUI" */ = {
			isa = XCConfigurationList;
			buildConfigurations = (
				5365FA132AD2992600180648 /* Debug */,
				5365FA142AD2992600180648 /* Release */,
			);
			defaultConfigurationIsVisible = 0;
			defaultConfigurationName = Release;
		};
		5365FA152AD2992600180648 /* Build configuration list for PBXNativeTarget "CoordinatorUITests" */ = {
			isa = XCConfigurationList;
			buildConfigurations = (
				5365FA162AD2992600180648 /* Debug */,
				5365FA172AD2992600180648 /* Release */,
			);
			defaultConfigurationIsVisible = 0;
			defaultConfigurationName = Release;
		};
		5365FA182AD2992600180648 /* Build configuration list for PBXNativeTarget "CoordinatorUIUITests" */ = {
			isa = XCConfigurationList;
			buildConfigurations = (
				5365FA192AD2992600180648 /* Debug */,
				5365FA1A2AD2992600180648 /* Release */,
			);
			defaultConfigurationIsVisible = 0;
			defaultConfigurationName = Release;
		};
/* End XCConfigurationList section */
	};
	rootObject = 5365F9E62AD2992500180648 /* Project object */;
}
